
Microsoft Visual Studio Solution File, Format Version 12.00
# Visual Studio Version 17
VisualStudioVersion = 17.2.32602.215
MinimumVisualStudioVersion = 10.0.40219.1
Project("{FAE04EC0-301F-11D3-BF4B-00C04F79EFBC}") = "WDD.API", "WDD.API.csproj", "{F1801391-2EDA-42A8-9155-9E308D360AF7}"
EndProject
Project("{FAE04EC0-301F-11D3-BF4B-00C04F79EFBC}") = "WDD.Models", "..\WDD.Models\WDD.Models.csproj", "{8E5673D0-997E-4A93-9CA6-F2F72DF415CC}"
EndProject
Project("{FAE04EC0-301F-11D3-BF4B-00C04F79EFBC}") = "WDD.Services", "..\WDD.Services\WDD.Services.csproj", "{CD856BCA-BE2E-4FAA-A6E9-C43AE10192A9}"
EndProject
Project("{FAE04EC0-301F-11D3-BF4B-00C04F79EFBC}") = "WDD.Repositories", "..\WDD.Repositories\WDD.Repositories.csproj", "{FA3204A4-9AC4-4992-AEAD-542B16CC0D67}"
EndProject
Project("{FAE04EC0-301F-11D3-BF4B-00C04F79EFBC}") = "WDD.Tests", "..\WDD.Tests\WDD.Tests.csproj", "{FAF87BAC-0240-4A7F-B79F-820EBFEFE5AF}"
EndProject
Global
	GlobalSection(SolutionConfigurationPlatforms) = preSolution
		Debug|Any CPU = Debug|Any CPU
		Release|Any CPU = Release|Any CPU
	EndGlobalSection
	GlobalSection(ProjectConfigurationPlatforms) = postSolution
		{F1801391-2EDA-42A8-9155-9E308D360AF7}.Debug|Any CPU.ActiveCfg = Debug|Any CPU
		{F1801391-2EDA-42A8-9155-9E308D360AF7}.Debug|Any CPU.Build.0 = Debug|Any CPU
		{F1801391-2EDA-42A8-9155-9E308D360AF7}.Release|Any CPU.ActiveCfg = Release|Any CPU
		{F1801391-2EDA-42A8-9155-9E308D360AF7}.Release|Any CPU.Build.0 = Release|Any CPU
		{8E5673D0-997E-4A93-9CA6-F2F72DF415CC}.Debug|Any CPU.ActiveCfg = Debug|Any CPU
		{8E5673D0-997E-4A93-9CA6-F2F72DF415CC}.Debug|Any CPU.Build.0 = Debug|Any CPU
		{8E5673D0-997E-4A93-9CA6-F2F72DF415CC}.Release|Any CPU.ActiveCfg = Release|Any CPU
		{8E5673D0-997E-4A93-9CA6-F2F72DF415CC}.Release|Any CPU.Build.0 = Release|Any CPU
		{CD856BCA-BE2E-4FAA-A6E9-C43AE10192A9}.Debug|Any CPU.ActiveCfg = Debug|Any CPU
		{CD856BCA-BE2E-4FAA-A6E9-C43AE10192A9}.Debug|Any CPU.Build.0 = Debug|Any CPU
		{CD856BCA-BE2E-4FAA-A6E9-C43AE10192A9}.Release|Any CPU.ActiveCfg = Release|Any CPU
		{CD856BCA-BE2E-4FAA-A6E9-C43AE10192A9}.Release|Any CPU.Build.0 = Release|Any CPU
		{FA3204A4-9AC4-4992-AEAD-542B16CC0D67}.Debug|Any CPU.ActiveCfg = Debug|Any CPU
		{FA3204A4-9AC4-4992-AEAD-542B16CC0D67}.Debug|Any CPU.Build.0 = Debug|Any CPU
		{FA3204A4-9AC4-4992-AEAD-542B16CC0D67}.Release|Any CPU.ActiveCfg = Release|Any CPU
		{FA3204A4-9AC4-4992-AEAD-542B16CC0D67}.Release|Any CPU.Build.0 = Release|Any CPU
		{FAF87BAC-0240-4A7F-B79F-820EBFEFE5AF}.Debug|Any CPU.ActiveCfg = Debug|Any CPU
		{FAF87BAC-0240-4A7F-B79F-820EBFEFE5AF}.Debug|Any CPU.Build.0 = Debug|Any CPU
		{FAF87BAC-0240-4A7F-B79F-820EBFEFE5AF}.Release|Any CPU.ActiveCfg = Release|Any CPU
		{FAF87BAC-0240-4A7F-B79F-820EBFEFE5AF}.Release|Any CPU.Build.0 = Release|Any CPU
	EndGlobalSection
	GlobalSection(SolutionProperties) = preSolution
		HideSolutionNode = FALSE
	EndGlobalSection
	GlobalSection(ExtensibilityGlobals) = postSolution
		SolutionGuid = {82A9B0E3-0301-4A33-AE7F-ED8F5DA0CA5B}
	EndGlobalSection
EndGlobal
